Microsoft Visual Studio Solution File, Format Version 12.00
# Visual Studio Version 17
VisualStudioVersion = 17.13.35931.197
MinimumVisualStudioVersion = 10.0.40219.1
Project("{FAE04EC0-301F-11D3-BF4B-00C04F79EFBC}") = "MyAnswer", "MyAnswer\MyAnswer.csproj", "{9609A4BD-9E20-41BA-BBEA-DFAA41EAF1C0}"
EndProject
Project("{FAE04EC0-301F-11D3-BF4B-00C04F79EFBC}") = "OptimizedAnswer", "OptimizedAnswer\OptimizedAnswer.csproj", "{BE3EFD1A-B026-47A2-873D-295F33928E1E}"
EndProject
Global
	GlobalSection(SolutionConfigurationPlatforms) = preSolution
		Debug|Any CPU = Debug|Any CPU
		Release|Any CPU = Release|Any CPU
	EndGlobalSection
	GlobalSection(ProjectConfigurationPlatforms) = postSolution
		{9609A4BD-9E20-41BA-BBEA-DFAA41EAF1C0}.Debug|Any CPU.ActiveCfg = Debug|Any CPU
		{9609A4BD-9E20-41BA-BBEA-DFAA41EAF1C0}.Debug|Any CPU.Build.0 = Debug|Any CPU
		{9609A4BD-9E20-41BA-BBEA-DFAA41EAF1C0}.Release|Any CPU.ActiveCfg = Release|Any CPU
		{9609A4BD-9E20-41BA-BBEA-DFAA41EAF1C0}.Release|Any CPU.Build.0 = Release|Any CPU
		{BE3EFD1A-B026-47A2-873D-295F33928E1E}.Debug|Any CPU.ActiveCfg = Debug|Any CPU
		{BE3EFD1A-B026-47A2-873D-295F33928E1E}.Debug|Any CPU.Build.0 = Debug|Any CPU
		{BE3EFD1A-B026-47A2-873D-295F33928E1E}.Release|Any CPU.ActiveCfg = Release|Any CPU
		{BE3EFD1A-B026-47A2-873D-295F33928E1E}.Release|Any CPU.Build.0 = Release|Any CPU
	EndGlobalSection
	GlobalSection(SolutionProperties) = preSolution
		HideSolutionNode = FALSE
	EndGlobalSection
	GlobalSection(ExtensibilityGlobals) = postSolution
		SolutionGuid = {73E2266C-9396-44AE-9427-886DCE0B2053}
	EndGlobalSection
EndGlobal
