Microsoft Visual Studio Solution File, Format Version 12.00
# Visual Studio Version 17
VisualStudioVersion = 17.13.35931.197
MinimumVisualStudioVersion = 10.0.40219.1
Project("{FAE04EC0-301F-11D3-BF4B-00C04F79EFBC}") = "MyAnswer", "MyAnswer\MyAnswer.csproj", "{A6B8005D-E590-4A19-B2AD-75DAEACA45E6}"
EndProject
Project("{FAE04EC0-301F-11D3-BF4B-00C04F79EFBC}") = "OptimizedAnswer", "OptimizedAnswer\OptimizedAnswer.csproj", "{17DFB0E1-4F6A-4DF3-B88A-004FAE178672}"
EndProject
Global
	GlobalSection(SolutionConfigurationPlatforms) = preSolution
		Debug|Any CPU = Debug|Any CPU
		Release|Any CPU = Release|Any CPU
	EndGlobalSection
	GlobalSection(ProjectConfigurationPlatforms) = postSolution
		{A6B8005D-E590-4A19-B2AD-75DAEACA45E6}.Debug|Any CPU.ActiveCfg = Debug|Any CPU
		{A6B8005D-E590-4A19-B2AD-75DAEACA45E6}.Debug|Any CPU.Build.0 = Debug|Any CPU
		{A6B8005D-E590-4A19-B2AD-75DAEACA45E6}.Release|Any CPU.ActiveCfg = Release|Any CPU
		{A6B8005D-E590-4A19-B2AD-75DAEACA45E6}.Release|Any CPU.Build.0 = Release|Any CPU
		{17DFB0E1-4F6A-4DF3-B88A-004FAE178672}.Debug|Any CPU.ActiveCfg = Debug|Any CPU
		{17DFB0E1-4F6A-4DF3-B88A-004FAE178672}.Debug|Any CPU.Build.0 = Debug|Any CPU
		{17DFB0E1-4F6A-4DF3-B88A-004FAE178672}.Release|Any CPU.ActiveCfg = Release|Any CPU
		{17DFB0E1-4F6A-4DF3-B88A-004FAE178672}.Release|Any CPU.Build.0 = Release|Any CPU
	EndGlobalSection
	GlobalSection(SolutionProperties) = preSolution
		HideSolutionNode = FALSE
	EndGlobalSection
	GlobalSection(ExtensibilityGlobals) = postSolution
		SolutionGuid = {F6CAF3FC-8E23-4650-9319-EF02A190C67F}
	EndGlobalSection
EndGlobal
